
Microsoft Visual Studio Solution File, Format Version 12.00
# Visual Studio Version 16
VisualStudioVersion = 16.0.31112.23
MinimumVisualStudioVersion = 10.0.40219.1
Project("{FAE04EC0-301F-11D3-BF4B-00C04F79EFBC}") = "Mount Eden Garage", "Mount Eden Garage\Mount Eden Garage.csproj", "{53F79E09-A11B-4343-BB49-534DAEB694B3}"
EndProject
Global
	GlobalSection(SolutionConfigurationPlatforms) = preSolution
		Debug|Any CPU = Debug|Any CPU
		Release|Any CPU = Release|Any CPU
	EndGlobalSection
	GlobalSection(ProjectConfigurationPlatforms) = postSolution
		{53F79E09-A11B-4343-BB49-534DAEB694B3}.Debug|Any CPU.ActiveCfg = Debug|Any CPU
		{53F79E09-A11B-4343-BB49-534DAEB694B3}.Debug|Any CPU.Build.0 = Debug|Any CPU
		{53F79E09-A11B-4343-BB49-534DAEB694B3}.Release|Any CPU.ActiveCfg = Release|Any CPU
		{53F79E09-A11B-4343-BB49-534DAEB694B3}.Release|Any CPU.Build.0 = Release|Any CPU
	EndGlobalSection
	GlobalSection(SolutionProperties) = preSolution
		HideSolutionNode = FALSE
	EndGlobalSection
	GlobalSection(ExtensibilityGlobals) = postSolution
		SolutionGuid = {245C0445-2F4B-4FB8-AD1A-FEEF212A9D51}
	EndGlobalSection
EndGlobal
